# This file was autogenerated by Stack.
# You should not edit this file by hand.
# For more information, please see the documentation at:
#   https://docs.haskellstack.org/en/stable/topics/lock_files

packages:
- completed:
    hackage: group-with-0.2.0.3@sha256:7e87d1414117d70ad37b724a1b59d8813089c6a64123182a4c5865828651c44b,1353
    pantry-tree:
      sha256: b70793d5a4fe3ca66faae46da8d3256a91b98af6cb295a94e337fb3d684e5951
      size: 369
  original:
    hackage: group-with-0.2.0.3
- completed:
    hackage: lens-5.3.3@sha256:b0dad972e401df9ddb8df98c7153f661c077607bfed83b210fd9508ba6f44f8d,14839
    pantry-tree:
      sha256: 8cfccd6f020672c602d0902904bb2ed4bd8f2e8ca35564b8d0ceb06a35223461
      size: 8405
  original:
    hackage: lens-5.3.3
- completed:
    hackage: universum-1.8.2.2@sha256:e174559461633b52fab4ccebcb5489c089de13a30fa0b568ce42837f1342ba55,6793
    pantry-tree:
      sha256: b44c2abf692b054c21538468335867d29cb5027105c73a6dffae7555a418212b
      size: 3534
  original:
    hackage: universum-1.8.2.2
- completed:
    hackage: cryptonite-0.30@sha256:12c85dea7be63e5ad90bcb487eb3846bf3c413347f94336fa1dede7b28f9936a,18301
    pantry-tree:
      sha256: df1cbe4cc40d569cc75ffed40bc5deac43cb085653980b42b9b6a5d4b745a30a
      size: 23323
  original:
    hackage: cryptonite-0.30
- completed:
    hackage: file-io-0.1.5@sha256:1d68a81fa684d006b1ec73836cebe3de9a54688836915fe3e56a20389846bb4e,3309
    pantry-tree:
      sha256: 29b9dc0a18772cb73091b711a5dbda029fe89c1ffb06034b4f54258c4eabfe1b
      size: 905
  original:
    hackage: file-io-0.1.5
snapshots:
- completed:
    sha256: 303c0300d085dad9b9a5d8efc72ddde5425e33c5536c4b0c1632cc46d11cb52c
    size: 687948
    url: https://raw.githubusercontent.com/commercialhaskell/stackage-snapshots/master/nightly/2025/8/27.yaml
  original: nightly-2025-08-27
